// !$*UTF8*$!
{
	archiveVersion = 1;
	classes = {
	};
	objectVersion = 50;
	objects = {

/* Begin PBXBuildFile section */
		CABAE1AB2634EED50017EFCA /* YourLoreApp.swift in Sources */ = {isa = PBXBuildFile; fileRef = CABAE1AA2634EED50017EFCA /* YourLoreApp.swift */; };
		CABAE1AD2634EED50017EFCA /* ContentView.swift in Sources */ = {isa = PBXBuildFile; fileRef = CABAE1AC2634EED50017EFCA /* ContentView.swift */; };
		CABAE1AF2634EED60017EFCA /* Assets.xcassets in Resources */ = {isa = PBXBuildFile; fileRef = CABAE1AE2634EED60017EFCA /* Assets.xcassets */; };
		CABAE1B22634EED60017EFCA /* Preview Assets.xcassets in Resources */ = {isa = PBXBuildFile; fileRef = CABAE1B12634EED60017EFCA /* Preview Assets.xcassets */; };
		CABAE1BB2634F7640017EFCA /* LoreView.swift in Sources */ = {isa = PBXBuildFile; fileRef = CABAE1BA2634F7640017EFCA /* LoreView.swift */; };
		CABAE1BE2634F8DE0017EFCA /* Lore.swift in Sources */ = {isa = PBXBuildFile; fileRef = CABAE1BD2634F8DE0017EFCA /* Lore.swift */; };
		CAE940682661EDA300F3EF72 /* MapView.swift in Sources */ = {isa = PBXBuildFile; fileRef = CAE940662661EDA300F3EF72 /* MapView.swift */; };
		CAE940692661EDA300F3EF72 /* UnlockedView.swift in Sources */ = {isa = PBXBuildFile; fileRef = CAE940672661EDA300F3EF72 /* UnlockedView.swift */; };
		CAE9406B2661EECA00F3EF72 /* MKPointAnnotation-Codable.swift in Sources */ = {isa = PBXBuildFile; fileRef = CAE9406A2661EECA00F3EF72 /* MKPointAnnotation-Codable.swift */; };
/* End PBXBuildFile section */

/* Begin PBXFileReference section */
		CABAE1A72634EED50017EFCA /* YourLore.app */ = {isa = PBXFileReference; explicitFileType = wrapper.application; includeInIndex = 0; path = YourLore.app; sourceTree = BUILT_PRODUCTS_DIR; };
		CABAE1AA2634EED50017EFCA /* YourLoreApp.swift */ = {isa = PBXFileReference; lastKnownFileType = sourcecode.swift; path = YourLoreApp.swift; sourceTree = "<group>"; };
		CABAE1AC2634EED50017EFCA /* ContentView.swift */ = {isa = PBXFileReference; lastKnownFileType = sourcecode.swift; path = ContentView.swift; sourceTree = "<group>"; };
		CABAE1AE2634EED60017EFCA /* Assets.xcassets */ = {isa = PBXFileReference; lastKnownFileType = folder.assetcatalog; path = Assets.xcassets; sourceTree = "<group>"; };
		CABAE1B12634EED60017EFCA /* Preview Assets.xcassets */ = {isa = PBXFileReference; lastKnownFileType = folder.assetcatalog; path = "Preview Assets.xcassets"; sourceTree = "<group>"; };
		CABAE1B32634EED60017EFCA /* Info.plist */ = {isa = PBXFileReference; lastKnownFileType = text.plist.xml; path = Info.plist; sourceTree = "<group>"; };
		CABAE1BA2634F7640017EFCA /* LoreView.swift */ = {isa = PBXFileReference; lastKnownFileType = sourcecode.swift; path = LoreView.swift; sourceTree = "<group>"; };
		CABAE1BD2634F8DE0017EFCA /* Lore.swift */ = {isa = PBXFileReference; lastKnownFileType = sourcecode.swift; path = Lore.swift; sourceTree = "<group>"; };
		CAE940662661EDA300F3EF72 /* MapView.swift */ = {isa = PBXFileReference; fileEncoding = 4; lastKnownFileType = sourcecode.swift; path = MapView.swift; sourceTree = "<group>"; };
		CAE940672661EDA300F3EF72 /* UnlockedView.swift */ = {isa = PBXFileReference; fileEncoding = 4; lastKnownFileType = sourcecode.swift; path = UnlockedView.swift; sourceTree = "<group>"; };
		CAE9406A2661EECA00F3EF72 /* MKPointAnnotation-Codable.swift */ = {isa = PBXFileReference; fileEncoding = 4; lastKnownFileType = sourcecode.swift; path = "MKPointAnnotation-Codable.swift"; sourceTree = "<group>"; };
/* End PBXFileReference section */

/* Begin PBXFrameworksBuildPhase section */
		CABAE1A42634EED50017EFCA /* Frameworks */ = {
			isa = PBXFrameworksBuildPhase;
			buildActionMask = 2147483647;
			files = (
			);
			runOnlyForDeploymentPostprocessing = 0;
		};
/* End PBXFrameworksBuildPhase section */

/* Begin PBXGroup section */
		CABAE19E2634EED50017EFCA = {
			isa = PBXGroup;
			children = (
				CABAE1A92634EED50017EFCA /* YourLore */,
				CABAE1A82634EED50017EFCA /* Products */,
			);
			sourceTree = "<group>";
		};
		CABAE1A82634EED50017EFCA /* Products */ = {
			isa = PBXGroup;
			children = (
				CABAE1A72634EED50017EFCA /* YourLore.app */,
			);
			name = Products;
			sourceTree = "<group>";
		};
		CABAE1A92634EED50017EFCA /* YourLore */ = {
			isa = PBXGroup;
			children = (
				CABAE1AA2634EED50017EFCA /* YourLoreApp.swift */,
				CABAE1AC2634EED50017EFCA /* ContentView.swift */,
				CABAE1BD2634F8DE0017EFCA /* Lore.swift */,
				CABAE1BA2634F7640017EFCA /* LoreView.swift */,
				CAE940662661EDA300F3EF72 /* MapView.swift */,
				CAE940672661EDA300F3EF72 /* UnlockedView.swift */,
				CAE9406A2661EECA00F3EF72 /* MKPointAnnotation-Codable.swift */,
				CABAE1AE2634EED60017EFCA /* Assets.xcassets */,
				CABAE1B32634EED60017EFCA /* Info.plist */,
				CABAE1B02634EED60017EFCA /* Preview Content */,
			);
			path = YourLore;
			sourceTree = "<group>";
		};
		CABAE1B02634EED60017EFCA /* Preview Content */ = {
			isa = PBXGroup;
			children = (
				CABAE1B12634EED60017EFCA /* Preview Assets.xcassets */,
			);
			path = "Preview Content";
			sourceTree = "<group>";
		};
/* End PBXGroup section */

/* Begin PBXNativeTarget section */
		CABAE1A62634EED50017EFCA /* YourLore */ = {
			isa = PBXNativeTarget;
			buildConfigurationList = CABAE1B62634EED60017EFCA /* Build configuration list for PBXNativeTarget "YourLore" */;
			buildPhases = (
				CABAE1A32634EED50017EFCA /* Sources */,
				CABAE1A42634EED50017EFCA /* Frameworks */,
				CABAE1A52634EED50017EFCA /* Resources */,
			);
			buildRules = (
			);
			dependencies = (
			);
			name = YourLore;
			productName = YourLore;
			productReference = CABAE1A72634EED50017EFCA /* YourLore.app */;
			productType = "com.apple.product-type.application";
		};
/* End PBXNativeTarget section */

/* Begin PBXProject section */
		CABAE19F2634EED50017EFCA /* Project object */ = {
			isa = PBXProject;
			attributes = {
				LastSwiftUpdateCheck = 1240;
				LastUpgradeCheck = 1240;
				TargetAttributes = {
					CABAE1A62634EED50017EFCA = {
						CreatedOnToolsVersion = 12.4;
					};
				};
			};
			buildConfigurationList = CABAE1A22634EED50017EFCA /* Build configuration list for PBXProject "YourLore" */;
			compatibilityVersion = "Xcode 9.3";
			developmentRegion = en;
			hasScannedForEncodings = 0;
			knownRegions = (
				en,
				Base,
			);
			mainGroup = CABAE19E2634EED50017EFCA;
			productRefGroup = CABAE1A82634EED50017EFCA /* Products */;
			projectDirPath = "";
			projectRoot = "";
			targets = (
				CABAE1A62634EED50017EFCA /* YourLore */,
			);
		};
/* End PBXProject section */

/* Begin PBXResourcesBuildPhase section */
		CABAE1A52634EED50017EFCA /* Resources */ = {
			isa = PBXResourcesBuildPhase;
			buildActionMask = 2147483647;
			files = (
				CABAE1B22634EED60017EFCA /* Preview Assets.xcassets in Resources */,
				CABAE1AF2634EED60017EFCA /* Assets.xcassets in Resources */,
			);
			runOnlyForDeploymentPostprocessing = 0;
		};
/* End PBXResourcesBuildPhase section */

/* Begin PBXSourcesBuildPhase section */
		CABAE1A32634EED50017EFCA /* Sources */ = {
			isa = PBXSourcesBuildPhase;
			buildActionMask = 2147483647;
			files = (
				CAE9406B2661EECA00F3EF72 /* MKPointAnnotation-Codable.swift in Sources */,
				CABAE1AD2634EED50017EFCA /* ContentView.swift in Sources */,
				CABAE1BB2634F7640017EFCA /* LoreView.swift in Sources */,
				CAE940682661EDA300F3EF72 /* MapView.swift in Sources */,
				CABAE1AB2634EED50017EFCA /* YourLoreApp.swift in Sources */,
				CABAE1BE2634F8DE0017EFCA /* Lore.swift in Sources */,
				CAE940692661EDA300F3EF72 /* UnlockedView.swift in Sources */,
			);
			runOnlyForDeploymentPostprocessing = 0;
		};
/* End PBXSourcesBuildPhase section */

/* Begin XCBuildConfiguration section */
		CABAE1B42634EED60017EFCA /* Debug */ = {
			isa = XCBuildConfiguration;
			buildSettings = {
				ALWAYS_SEARCH_USER_PATHS = NO;
				CLANG_ANALYZER_NONNULL = YES;
				CLANG_ANALYZER_NUMBER_OBJECT_CONVERSION = YES_AGGRESSIVE;
				CLANG_CXX_LANGUAGE_STANDARD = "gnu++14";
				CLANG_CXX_LIBRARY = "libc++";
				CLANG_ENABLE_MODULES = YES;
				CLANG_ENABLE_OBJC_ARC = YES;
				CLANG_ENABLE_OBJC_WEAK = YES;
				CLANG_WARN_BLOCK_CAPTURE_AUTORELEASING = YES;
				CLANG_WARN_BOOL_CONVERSION = YES;
				CLANG_WARN_COMMA = YES;
				CLANG_WARN_CONSTANT_CONVERSION = YES;
				CLANG_WARN_DEPRECATED_OBJC_IMPLEMENTATIONS = YES;
				CLANG_WARN_DIRECT_OBJC_ISA_USAGE = YES_ERROR;
				CLANG_WARN_DOCUMENTATION_COMMENTS = YES;
				CLANG_WARN_EMPTY_BODY = YES;
				CLANG_WARN_ENUM_CONVERSION = YES;
				CLANG_WARN_INFINITE_RECURSION = YES;
				CLANG_WARN_INT_CONVERSION = YES;
				CLANG_WARN_NON_LITERAL_NULL_CONVERSION = YES;
				CLANG_WARN_OBJC_IMPLICIT_RETAIN_SELF = YES;
				CLANG_WARN_OBJC_LITERAL_CONVERSION = YES;
				CLANG_WARN_OBJC_ROOT_CLASS = YES_ERROR;
				CLANG_WARN_QUOTED_INCLUDE_IN_FRAMEWORK_HEADER = YES;
				CLANG_WARN_RANGE_LOOP_ANALYSIS = YES;
				CLANG_WARN_STRICT_PROTOTYPES = YES;
				CLANG_WARN_SUSPICIOUS_MOVE = YES;
				CLANG_WARN_UNGUARDED_AVAILABILITY = YES_AGGRESSIVE;
				CLANG_WARN_UNREACHABLE_CODE = YES;
				CLANG_WARN__DUPLICATE_METHOD_MATCH = YES;
				COPY_PHASE_STRIP = NO;
				DEBUG_INFORMATION_FORMAT = dwarf;
				ENABLE_STRICT_OBJC_MSGSEND = YES;
				ENABLE_TESTABILITY = YES;
				GCC_C_LANGUAGE_STANDARD = gnu11;
				GCC_DYNAMIC_NO_PIC = NO;
				GCC_NO_COMMON_BLOCKS = YES;
				GCC_OPTIMIZATION_LEVEL = 0;
				GCC_PREPROCESSOR_DEFINITIONS = (
					"DEBUG=1",
					"$(inherited)",
				);
				GCC_WARN_64_TO_32_BIT_CONVERSION = YES;
				GCC_WARN_ABOUT_RETURN_TYPE = YES_ERROR;
				GCC_WARN_UNDECLARED_SELECTOR = YES;
				GCC_WARN_UNINITIALIZED_AUTOS = YES_AGGRESSIVE;
				GCC_WARN_UNUSED_FUNCTION = YES;
				GCC_WARN_UNUSED_VARIABLE = YES;
				IPHONEOS_DEPLOYMENT_TARGET = 14.4;
				MTL_ENABLE_DEBUG_INFO = INCLUDE_SOURCE;
				MTL_FAST_MATH = YES;
				ONLY_ACTIVE_ARCH = YES;
				SDKROOT = iphoneos;
				SWIFT_ACTIVE_COMPILATION_CONDITIONS = DEBUG;
				SWIFT_OPTIMIZATION_LEVEL = "-Onone";
			};
			name = Debug;
		};
		CABAE1B52634EED60017EFCA /* Release */ = {
			isa = XCBuildConfiguration;
			buildSettings = {
				ALWAYS_SEARCH_USER_PATHS = NO;
				CLANG_ANALYZER_NONNULL = YES;
				CLANG_ANALYZER_NUMBER_OBJECT_CONVERSION = YES_AGGRESSIVE;
				CLANG_CXX_LANGUAGE_STANDARD = "gnu++14";
				CLANG_CXX_LIBRARY = "libc++";
				CLANG_ENABLE_MODULES = YES;
				CLANG_ENABLE_OBJC_ARC = YES;
				CLANG_ENABLE_OBJC_WEAK = YES;
				CLANG_WARN_BLOCK_CAPTURE_AUTORELEASING = YES;
				CLANG_WARN_BOOL_CONVERSION = YES;
				CLANG_WARN_COMMA = YES;
				CLANG_WARN_CONSTANT_CONVERSION = YES;
				CLANG_WARN_DEPRECATED_OBJC_IMPLEMENTATIONS = YES;
				CLANG_WARN_DIRECT_OBJC_ISA_USAGE = YES_ERROR;
				CLANG_WARN_DOCUMENTATION_COMMENTS = YES;
				CLANG_WARN_EMPTY_BODY = YES;
				CLANG_WARN_ENUM_CONVERSION = YES;
				CLANG_WARN_INFINITE_RECURSION = YES;
				CLANG_WARN_INT_CONVERSION = YES;
				CLANG_WARN_NON_LITERAL_NULL_CONVERSION = YES;
				CLANG_WARN_OBJC_IMPLICIT_RETAIN_SELF = YES;
				CLANG_WARN_OBJC_LITERAL_CONVERSION = YES;
				CLANG_WARN_OBJC_ROOT_CLASS = YES_ERROR;
				CLANG_WARN_QUOTED_INCLUDE_IN_FRAMEWORK_HEADER = YES;
				CLANG_WARN_RANGE_LOOP_ANALYSIS = YES;
				CLANG_WARN_STRICT_PROTOTYPES = YES;
				CLANG_WARN_SUSPICIOUS_MOVE = YES;
				CLANG_WARN_UNGUARDED_AVAILABILITY = YES_AGGRESSIVE;
				CLANG_WARN_UNREACHABLE_CODE = YES;
				CLANG_WARN__DUPLICATE_METHOD_MATCH = YES;
				COPY_PHASE_STRIP = NO;
				DEBUG_INFORMATION_FORMAT = "dwarf-with-dsym";
				ENABLE_NS_ASSERTIONS = NO;
				ENABLE_STRICT_OBJC_MSGSEND = YES;
				GCC_C_LANGUAGE_STANDARD = gnu11;
				GCC_NO_COMMON_BLOCKS = YES;
				GCC_WARN_64_TO_32_BIT_CONVERSION = YES;
				GCC_WARN_ABOUT_RETURN_TYPE = YES_ERROR;
				GCC_WARN_UNDECLARED_SELECTOR = YES;
				GCC_WARN_UNINITIALIZED_AUTOS = YES_AGGRESSIVE;
				GCC_WARN_UNUSED_FUNCTION = YES;
				GCC_WARN_UNUSED_VARIABLE = YES;
				IPHONEOS_DEPLOYMENT_TARGET = 14.4;
				MTL_ENABLE_DEBUG_INFO = NO;
				MTL_FAST_MATH = YES;
				SDKROOT = iphoneos;
				SWIFT_COMPILATION_MODE = wholemodule;
				SWIFT_OPTIMIZATION_LEVEL = "-O";
				VALIDATE_PRODUCT = YES;
			};
			name = Release;
		};
		CABAE1B72634EED60017EFCA /* Debug */ = {
			isa = XCBuildConfiguration;
			buildSettings = {
				ASSETCATALOG_COMPILER_APPICON_NAME = AppIcon;
				ASSETCATALOG_COMPILER_GLOBAL_ACCENT_COLOR_NAME = AccentColor;
				CODE_SIGN_STYLE = Automatic;
				DEVELOPMENT_ASSET_PATHS = "\"YourLore/Preview Content\"";
				DEVELOPMENT_TEAM = GN64R4AHYT;
				ENABLE_PREVIEWS = YES;
				INFOPLIST_FILE = YourLore/Info.plist;
				IPHONEOS_DEPLOYMENT_TARGET = 14.0;
				LD_RUNPATH_SEARCH_PATHS = (
					"$(inherited)",
					"@executable_path/Frameworks",
				);
				PRODUCT_BUNDLE_IDENTIFIER = bknox.dev.YourLore;
				PRODUCT_NAME = "$(TARGET_NAME)";
				SWIFT_VERSION = 5.0;
				TARGETED_DEVICE_FAMILY = "1,2";
			};
			name = Debug;
		};
		CABAE1B82634EED60017EFCA /* Release */ = {
			isa = XCBuildConfiguration;
			buildSettings = {
				ASSETCATALOG_COMPILER_APPICON_NAME = AppIcon;
				ASSETCATALOG_COMPILER_GLOBAL_ACCENT_COLOR_NAME = AccentColor;
				CODE_SIGN_STYLE = Automatic;
				DEVELOPMENT_ASSET_PATHS = "\"YourLore/Preview Content\"";
				DEVELOPMENT_TEAM = GN64R4AHYT;
				ENABLE_PREVIEWS = YES;
				INFOPLIST_FILE = YourLore/Info.plist;
				IPHONEOS_DEPLOYMENT_TARGET = 14.0;
				LD_RUNPATH_SEARCH_PATHS = (
					"$(inherited)",
					"@executable_path/Frameworks",
				);
				PRODUCT_BUNDLE_IDENTIFIER = bknox.dev.YourLore;
				PRODUCT_NAME = "$(TARGET_NAME)";
				SWIFT_VERSION = 5.0;
				TARGETED_DEVICE_FAMILY = "1,2";
			};
			name = Release;
		};
/* End XCBuildConfiguration section */

/* Begin XCConfigurationList section */
		CABAE1A22634EED50017EFCA /* Build configuration list for PBXProject "YourLore" */ = {
			isa = XCConfigurationList;
			buildConfigurations = (
				CABAE1B42634EED60017EFCA /* Debug */,
				CABAE1B52634EED60017EFCA /* Release */,
			);
			defaultConfigurationIsVisible = 0;
			defaultConfigurationName = Release;
		};
		CABAE1B62634EED60017EFCA /* Build configuration list for PBXNativeTarget "YourLore" */ = {
			isa = XCConfigurationList;
			buildConfigurations = (
				CABAE1B72634EED60017EFCA /* Debug */,
				CABAE1B82634EED60017EFCA /* Release */,
			);
			defaultConfigurationIsVisible = 0;
			defaultConfigurationName = Release;
		};
/* End XCConfigurationList section */
	};
	rootObject = CABAE19F2634EED50017EFCA /* Project object */;
}
